<?xml version="1.0" encoding="utf-8"?>
<Project ToolsVersion="4.0" xmlns="http://schemas.microsoft.com/developer/msbuild/2003">
  <ItemGroup>
    <Filter Include="소스 파일">
      <UniqueIdentifier>{4FC737F1-C7A5-4376-A066-2A32D752A2FF}</UniqueIdentifier>
      <Extensions>cpp;c;cc;cxx;c++;def;odl;idl;hpj;bat;asm;asmx</Extensions>
    </Filter>
    <Filter Include="헤더 파일">
      <UniqueIdentifier>{93995380-89BD-4b04-88EB-625FBE52EBFB}</UniqueIdentifier>
      <Extensions>h;hh;hpp;hxx;h++;hm;inl;inc;ipp;xsd</Extensions>
    </Filter>
    <Filter Include="리소스 파일">
      <UniqueIdentifier>{67DA6AB6-F800-4c08-8B7A-83BB121AAD01}</UniqueIdentifier>
      <Extensions>rc;ico;cur;bmp;dlg;rc2;rct;bin;rgs;gif;jpg;jpeg;jpe;resx;tiff;tif;png;wav;mfcribbon-ms</Extensions>
    </Filter>
  </ItemGroup>
  <ItemGroup>
    <ClCompile Include="001 변수의초기화,대입.cpp">
      <Filter>소스 파일</Filter>
    </ClCompile>
    <ClCompile Include="002 출력 스트림.cpp">
      <Filter>소스 파일</Filter>
    </ClCompile>
    <ClCompile Include="003 입력 스트림.cpp">
      <Filter>소스 파일</Filter>
    </ClCompile>
    <ClCompile Include="004 함수의 기본.cpp">
      <Filter>소스 파일</Filter>
    </ClCompile>
    <ClCompile Include="005 지역범위.cpp">
      <Filter>소스 파일</Filter>
    </ClCompile>
    <ClCompile Include="006 기본 자료형.cpp">
      <Filter>소스 파일</Filter>
    </ClCompile>
    <ClCompile Include="007 정수형과 오버플로우.cpp">
      <Filter>소스 파일</Filter>
    </ClCompile>
    <ClCompile Include="008 고정너비 정수형(이식성).cpp">
      <Filter>소스 파일</Filter>
    </ClCompile>
    <ClCompile Include="009 부동소수점 수(출력자리 조절).cpp">
      <Filter>소스 파일</Filter>
    </ClCompile>
    <ClCompile Include="010 Char형과 형변환.cpp">
      <Filter>소스 파일</Filter>
    </ClCompile>
    <ClCompile Include="011 cin과 버퍼.cpp">
      <Filter>소스 파일</Filter>
    </ClCompile>
    <ClCompile Include="012 진수.cpp">
      <Filter>소스 파일</Filter>
    </ClCompile>
    <ClCompile Include="013 심볼릭 상수.cpp">
      <Filter>소스 파일</Filter>
    </ClCompile>
    <ClCompile Include="014 증감연산자.cpp">
      <Filter>소스 파일</Filter>
    </ClCompile>
    <ClCompile Include="015 쉼표연산자.cpp">
      <Filter>소스 파일</Filter>
    </ClCompile>
    <ClCompile Include="016 부동소수점 오차.cpp">
      <Filter>소스 파일</Filter>
    </ClCompile>
    <ClCompile Include="017 논리연산자 주의사항.cpp">
      <Filter>소스 파일</Filter>
    </ClCompile>
    <ClCompile Include="018 비트단위 연산자.cpp">
      <Filter>소스 파일</Filter>
    </ClCompile>
    <ClCompile Include="020 네임스페이스.cpp">
      <Filter>소스 파일</Filter>
    </ClCompile>
    <ClCompile Include="021 구조체(패딩).cpp">
      <Filter>소스 파일</Filter>
    </ClCompile>
    <ClCompile Include="019 지역변수.cpp">
      <Filter>소스 파일</Filter>
    </ClCompile>
    <ClCompile Include="022 전역변수.cpp">
      <Filter>소스 파일</Filter>
    </ClCompile>
    <ClCompile Include="023 static variable.cpp">
      <Filter>소스 파일</Filter>
    </ClCompile>
    <ClCompile Include="024 auto.cpp">
      <Filter>소스 파일</Filter>
    </ClCompile>
    <ClCompile Include="025 형변환cpp.cpp">
      <Filter>소스 파일</Filter>
    </ClCompile>
    <ClCompile Include="026 string자료형.cpp">
      <Filter>소스 파일</Filter>
    </ClCompile>
    <ClCompile Include="027 enum.cpp">
      <Filter>소스 파일</Filter>
    </ClCompile>
    <ClCompile Include="028 typedef 자료형에 가명붙이기.cpp">
      <Filter>소스 파일</Filter>
    </ClCompile>
    <ClCompile Include="029 exit(0).cpp">
      <Filter>소스 파일</Filter>
    </ClCompile>
    <ClCompile Include="030 cin의 여러 메소드.cpp">
      <Filter>소스 파일</Filter>
    </ClCompile>
    <ClCompile Include="031 if,else문.cpp">
      <Filter>소스 파일</Filter>
    </ClCompile>
    <ClCompile Include="032 switch문.cpp">
      <Filter>소스 파일</Filter>
    </ClCompile>
    <ClCompile Include="033 switch문 주의사항.cpp">
      <Filter>소스 파일</Filter>
    </ClCompile>
    <ClCompile Include="034 while문.cpp">
      <Filter>소스 파일</Filter>
    </ClCompile>
    <ClCompile Include="035 for문.cpp">
      <Filter>소스 파일</Filter>
    </ClCompile>
    <ClCompile Include="036 break.cpp">
      <Filter>소스 파일</Filter>
    </ClCompile>
    <ClCompile Include="037 continue.cpp">
      <Filter>소스 파일</Filter>
    </ClCompile>
    <ClCompile Include="038 난수생성.cpp">
      <Filter>소스 파일</Filter>
    </ClCompile>
    <ClCompile Include="039 random을 이용한 난수생성.cpp">
      <Filter>소스 파일</Filter>
    </ClCompile>
    <ClCompile Include="040 array.cpp">
      <Filter>소스 파일</Filter>
    </ClCompile>
    <ClCompile Include="041 구조체배열.cpp">
      <Filter>소스 파일</Filter>
    </ClCompile>
    <ClCompile Include="042 배열에서 주의할점.cpp">
      <Filter>소스 파일</Filter>
    </ClCompile>
    <ClCompile Include="043 배열과 포인터.cpp">
      <Filter>소스 파일</Filter>
    </ClCompile>
    <ClCompile Include="044 정적 다차원배열.cpp">
      <Filter>소스 파일</Filter>
    </ClCompile>
    <ClCompile Include="045 C스타 문자열.cpp">
      <Filter>소스 파일</Filter>
    </ClCompile>
    <ClCompile Include="046 de reference.cpp">
      <Filter>소스 파일</Filter>
    </ClCompile>
    <ClCompile Include="047 포인터의 기초.cpp">
      <Filter>소스 파일</Filter>
    </ClCompile>
    <ClCompile Include="048 널포인터.cpp">
      <Filter>소스 파일</Filter>
    </ClCompile>
    <ClCompile Include="049 배열과 포인터 (그리고 연산).cpp">
      <Filter>소스 파일</Filter>
    </ClCompile>
  </ItemGroup>
</Project>